%{
  "benchee": {:hex, :benchee, "1.4.0", "9f1f96a30ac80bab94faad644b39a9031d5632e517416a8ab0a6b0ac4df124ce", [:mix], [{:deep_merge, "~> 1.0", [hex: :deep_merge, repo: "hexpm", optional: false]}, {:statistex, "~> 1.0", [hex: :statistex, repo: "hexpm", optional: false]}, {:table, "~> 0.1.0", [hex: :table, repo: "hexpm", optional: true]}], "hexpm", "299cd10dd8ce51c9ea3ddb74bb150f93d25e968f93e4c1fa31698a8e4fa5d715"},
  "deep_merge": {:hex, :deep_merge, "1.0.0", "b4aa1a0d1acac393bdf38b2291af38cb1d4a52806cf7a4906f718e1feb5ee961", [:mix], [], "hexpm", "ce708e5f094b9cd4e8f2be4f00d2f4250c4095be93f8cd6d018c753894885430"},
  "iptrie": {:hex, :iptrie, "0.10.0", "f7b06be87c467799d0ee50b4e0a21977a3a498b5bbbd2f3f4975c0f76372e264", [:mix], [{:pfx, "~> 0.14", [hex: :pfx, repo: "hexpm", optional: false]}, {:radix, "~> 0.5", [hex: :radix, repo: "hexpm", optional: false]}], "hexpm", "c85657b7a12cc4750ed775e076015b914e38c2a2dc103f2e837b8359a5af418f"},
  "nimble_parsec": {:hex, :nimble_parsec, "1.4.2", "8efba0122db06df95bfaa78f791344a89352ba04baedd3849593bfce4d0dc1c6", [:mix], [], "hexpm", "4b21398942dda052b403bbe1da991ccd03a053668d147d53fb8c4e0efe09c973"},
  "pegasus": {:hex, :pegasus, "0.2.6", "b4af6522326fbb2ffd1bb706e78ec05854fbcb4b03a7fe08f8db2e9de1d0be67", [:mix], [{:nimble_parsec, "~> 1.2", [hex: :nimble_parsec, repo: "hexpm", optional: false]}], "hexpm", "0ac159f0ccab7967cf90208327cc8a35788874814c8d78e19d47104d3fc049b9"},
  "pfx": {:hex, :pfx, "0.14.2", "e77ca19d732c5292b077bc495ccd9eeecf14575b587f621ab5b7aed7178318c7", [:mix], [], "hexpm", "c6a9a4d6ac27419fbf8a848e9aea808643089c07c8f31701a109c5e7723271d9"},
  "protoss": {:hex, :protoss, "0.2.1", "fcf437ed65178d6cbf9a600886e3da9f7173697223972f062ee593941c2588b1", [:mix], [], "hexpm", "2261dbdc4d5913ce1e88d1410108d97f21140a118f45f6acc3edc4ecdb952052"},
  "radix": {:hex, :radix, "0.5.0", "b9731f67f65f82bdfb500f9b4de47426b8b5b823b3c9c74fd7048081e55f5f62", [:mix], [], "hexpm", "1286e000c70cf3189301c01f525282ef168f1ed143b4402b70679879e8e13b85"},
  "statistex": {:hex, :statistex, "1.1.0", "7fec1eb2f580a0d2c1a05ed27396a084ab064a40cfc84246dbfb0c72a5c761e5", [:mix], [], "hexpm", "f5950ea26ad43246ba2cce54324ac394a4e7408fdcf98b8e230f503a0cba9cf5"},
  "zig_get": {:hex, :zig_get, "0.14.2", "c111e25509290c6274398159f0c27bb6966bbe3d8be9043dc690ccb772e79e65", [:mix], [], "hexpm", "ee9872289b7296236816bdd6d61e3a7a36b739fd2cbf76c79db2a65c45ddc359"},
  "zig_parser": {:hex, :zig_parser, "0.5.1", "01a084814937a6d2f94cf517d649949fe6944498f5adabb8127055726661278d", [:mix], [{:pegasus, "~> 0.2.4", [hex: :pegasus, repo: "hexpm", optional: false]}], "hexpm", "b94cd2ac2aefffa26a868f49d4d21bc7c8616f0f80afab3aa4ded537df8462af"},
  "zigler": {:hex, :zigler, "0.14.1", "d664e1890302a5b3d88d60999cfd2c835c43d5869959279a8f52e0284f24f733", [:mix], [{:protoss, "~> 0.2", [hex: :protoss, repo: "hexpm", optional: false]}, {:zig_get, "~> 0.14.2", [hex: :zig_get, repo: "hexpm", optional: false]}, {:zig_parser, "~> 0.5", [hex: :zig_parser, repo: "hexpm", optional: false]}], "hexpm", "6dcf3312fec80b18ae0feef79c56b163398e6dd039197c6b811d9eebdfb086aa"},
}
